
Microsoft Visual Studio Solution File, Format Version 12.00
# Visual Studio Version 17
VisualStudioVersion = 17.1.32228.430
MinimumVisualStudioVersion = 10.0.40219.1
Project("{9A19103F-16F7-4668-BE54-9A1E7A4F7556}") = "RazorPageCae", "RazorPageCae\RazorPageCae.csproj", "{718B9C9E-9C36-4AA3-AF8C-7D74900CAF0A}"
EndProject
Project("{9A19103F-16F7-4668-BE54-9A1E7A4F7556}") = "AdminCaeMfaRequiredApi", "AdminCaeMfaRequiredApi\AdminCaeMfaRequiredApi.csproj", "{F9CD06DE-5EF9-474C-BBDE-4E8E9791DEA5}"
EndProject
Project("{2150E333-8FDC-42A3-9474-1A3956D46DE8}") = "Solution Items", "Solution Items", "{145B2D23-078B-4401-875A-993083452E9E}"
	ProjectSection(SolutionItems) = preProject
		README.md = README.md
	EndProjectSection
EndProject
Global
	GlobalSection(SolutionConfigurationPlatforms) = preSolution
		Debug|Any CPU = Debug|Any CPU
		Release|Any CPU = Release|Any CPU
	EndGlobalSection
	GlobalSection(ProjectConfigurationPlatforms) = postSolution
		{718B9C9E-9C36-4AA3-AF8C-7D74900CAF0A}.Debug|Any CPU.ActiveCfg = Debug|Any CPU
		{718B9C9E-9C36-4AA3-AF8C-7D74900CAF0A}.Debug|Any CPU.Build.0 = Debug|Any CPU
		{718B9C9E-9C36-4AA3-AF8C-7D74900CAF0A}.Release|Any CPU.ActiveCfg = Release|Any CPU
		{718B9C9E-9C36-4AA3-AF8C-7D74900CAF0A}.Release|Any CPU.Build.0 = Release|Any CPU
		{F9CD06DE-5EF9-474C-BBDE-4E8E9791DEA5}.Debug|Any CPU.ActiveCfg = Debug|Any CPU
		{F9CD06DE-5EF9-474C-BBDE-4E8E9791DEA5}.Debug|Any CPU.Build.0 = Debug|Any CPU
		{F9CD06DE-5EF9-474C-BBDE-4E8E9791DEA5}.Release|Any CPU.ActiveCfg = Release|Any CPU
		{F9CD06DE-5EF9-474C-BBDE-4E8E9791DEA5}.Release|Any CPU.Build.0 = Release|Any CPU
	EndGlobalSection
	GlobalSection(SolutionProperties) = preSolution
		HideSolutionNode = FALSE
	EndGlobalSection
	GlobalSection(ExtensibilityGlobals) = postSolution
		SolutionGuid = {B2DB1BB1-8095-40C1-B434-CD400AA8A6D7}
	EndGlobalSection
EndGlobal
